# This file is automatically @generated by Cargo.
# It is not intended for manual editing.
version = 4

[[package]]
name = "aarch64-cpu"
version = "10.0.0"
source = "registry+https://github.com/rust-lang/crates.io-index"
checksum = "6a21cd0131c25c438e19cd6a774adf7e3f64f7f4d723022882facc2dee0f8bc9"
dependencies = [
 "tock-registers",
]

[[package]]
name = "alloc-no-stdlib"
version = "2.0.4"
source = "registry+https://github.com/rust-lang/crates.io-index"
checksum = "cc7bb162ec39d46ab1ca8c77bf72e890535becd1751bb45f64c597edb4c8c6b3"

[[package]]
name = "arm-gic"
version = "0.5.0"
source = "registry+https://github.com/rust-lang/crates.io-index"
checksum = "527b6e1c87b792f272e4964bef31a852077c35a395085833c8b51dc0ef3b4e13"
dependencies = [
 "bitflags 2.9.4",
 "safe-mmio",
 "thiserror",
 "zerocopy",
]

[[package]]
name = "autocfg"
version = "1.5.0"
source = "registry+https://github.com/rust-lang/crates.io-index"
checksum = "c08606f8c3cbf4ce6ec8e28fb0014a2c086708fe954eaa885384a6165172e7e8"

[[package]]
name = "bit_field"
version = "0.10.3"
source = "registry+https://github.com/rust-lang/crates.io-index"
checksum = "1e4b40c7323adcfc0a41c4b88143ed58346ff65a288fc144329c5c45e05d70c6"

[[package]]
name = "bitfield-struct"
version = "0.10.1"
source = "registry+https://github.com/rust-lang/crates.io-index"
checksum = "2be5a46ba01b60005ae2c51a36a29cfe134bcacae2dd5cedcd4615fbaad1494b"
dependencies = [
 "proc-macro2",
 "quote",
 "syn",
]

[[package]]
name = "bitflags"
version = "1.3.2"
source = "registry+https://github.com/rust-lang/crates.io-index"
checksum = "bef38d45163c2f1dde094a7dfd33ccf595c92905c8f8f4fdc18d06fb1037718a"

[[package]]
name = "bitflags"
version = "2.9.4"
source = "registry+https://github.com/rust-lang/crates.io-index"
checksum = "2261d10cca569e4643e526d8dc2e62e433cc8aba21ab764233731f8d369bf394"

[[package]]
name = "bitvec"
version = "1.0.1"
source = "registry+https://github.com/rust-lang/crates.io-index"
checksum = "1bc2832c24239b0141d5674bb9174f9d68a8b5b3f2753311927c172ca46f7e9c"
dependencies = [
 "funty",
 "radium",
 "tap",
 "wyz",
]

[[package]]
name = "brotli-decompressor"
version = "4.0.3"
source = "registry+https://github.com/rust-lang/crates.io-index"
checksum = "a334ef7c9e23abf0ce748e8cd309037da93e606ad52eb372e4ce327a0dcfbdfd"
dependencies = [
 "alloc-no-stdlib",
]

[[package]]
name = "byteorder"
version = "1.5.0"
source = "registry+https://github.com/rust-lang/crates.io-index"
checksum = "1fd0f2584146f6f2ef48085050886acf353beff7305ebd1ae69500e27c67f64b"

[[package]]
name = "cfg-if"
version = "1.0.3"
source = "registry+https://github.com/rust-lang/crates.io-index"
checksum = "2fd1289c04a9ea8cb22300a459a72a385d7c73d3259e2ed7dcb2af674838cfa9"

[[package]]
name = "compile-time"
version = "0.2.0"
source = "registry+https://github.com/rust-lang/crates.io-index"
checksum = "e55ede5279d4d7c528906853743abeb26353ae1e6c440fcd6d18316c2c2dd903"
dependencies = [
 "once_cell",
 "proc-macro2",
 "quote",
 "rustc_version",
 "semver",
 "time",
]

[[package]]
name = "crc"
version = "3.3.0"
source = "registry+https://github.com/rust-lang/crates.io-index"
checksum = "9710d3b3739c2e349eb44fe848ad0b7c8cb1e42bd87ee49371df2f7acaf3e675"
dependencies = [
 "crc-catalog",
]

[[package]]
name = "crc-catalog"
version = "2.4.0"
source = "registry+https://github.com/rust-lang/crates.io-index"
checksum = "19d374276b40fb8bbdee95aef7c7fa6b5316ec764510eb64b8dd0e2ed0d7e7f5"

[[package]]
name = "crc32fast"
version = "1.5.0"
source = "registry+https://github.com/rust-lang/crates.io-index"
checksum = "9481c1c90cbf2ac953f07c8d4a58aa3945c425b7185c9154d67a65e4230da511"
dependencies = [
 "cfg-if",
]

[[package]]
name = "deranged"
version = "0.5.4"
source = "registry+https://github.com/rust-lang/crates.io-index"
checksum = "a41953f86f8a05768a6cda24def994fd2f424b04ec5c719cf89989779f199071"
dependencies = [
 "powerfmt",
]

[[package]]
name = "fallible-streaming-iterator"
version = "0.1.9"
source = "registry+https://github.com/rust-lang/crates.io-index"
checksum = "7360491ce676a36bf9bb3c56c1aa791658183a54d2744120f27285738d90465a"

[[package]]
name = "fixedbitset"
version = "0.5.7"
source = "registry+https://github.com/rust-lang/crates.io-index"
checksum = "1d674e81391d1e1ab681a28d99df07927c6d4aa5b027d7da16ba32d1d21ecd99"

[[package]]
name = "funty"
version = "2.0.0"
source = "registry+https://github.com/rust-lang/crates.io-index"
checksum = "e6d5a32815ae3f33302d95fdcb2ce17862f8c65363dcfd29360480ba1001fc9c"

[[package]]
name = "gdbstub"
version = "0.7.7"
source = "registry+https://github.com/rust-lang/crates.io-index"
checksum = "b686b198dfaa4109ebd0443d2841bc521e4b4b2915f1d84b3bb50332a8cdc1ae"
dependencies = [
 "bitflags 2.9.4",
 "cfg-if",
 "log",
 "managed",
 "num-traits",
 "paste",
]

[[package]]
name = "goblin"
version = "0.10.1"
source = "registry+https://github.com/rust-lang/crates.io-index"
checksum = "d6a80adfd63bd7ffd94fefc3d22167880c440a724303080e5aa686fa36abaa96"
dependencies = [
 "log",
 "plain",
 "scroll",
]

[[package]]
name = "indoc"
version = "2.0.6"
source = "registry+https://github.com/rust-lang/crates.io-index"
checksum = "f4c7245a08504955605670dbf141fceab975f15ca21570696aebe9d2e71576bd"

[[package]]
name = "itoa"
version = "1.0.15"
source = "registry+https://github.com/rust-lang/crates.io-index"
checksum = "4a5f13b858c8d314ee3e8f639011f7ccefe71f97f96e50151fb991f267928e2c"

[[package]]
name = "lazy_static"
version = "1.5.0"
source = "registry+https://github.com/rust-lang/crates.io-index"
checksum = "bbd2bcb4c963f2ddae06a2efc7e9f3591312473c50c6685e1f298068316e66fe"
dependencies = [
 "spin",
]

[[package]]
name = "linked_list_allocator"
version = "0.10.5"
source = "registry+https://github.com/rust-lang/crates.io-index"
checksum = "9afa463f5405ee81cdb9cc2baf37e08ec7e4c8209442b5d72c04cfb2cd6e6286"
dependencies = [
 "spinning_top",
]

[[package]]
name = "linkme"
version = "0.3.35"
source = "registry+https://github.com/rust-lang/crates.io-index"
checksum = "5e3283ed2d0e50c06dd8602e0ab319bb048b6325d0bba739db64ed8205179898"
dependencies = [
 "linkme-impl",
]

[[package]]
name = "linkme-impl"
version = "0.3.35"
source = "registry+https://github.com/rust-lang/crates.io-index"
checksum = "e5cec0ec4228b4853bb129c84dbf093a27e6c7a20526da046defc334a1b017f7"
dependencies = [
 "proc-macro2",
 "quote",
 "syn",
]

[[package]]
name = "lock_api"
version = "0.4.13"
source = "registry+https://github.com/rust-lang/crates.io-index"
checksum = "96936507f153605bddfcda068dd804796c84324ed2510809e5b2a624c81da765"
dependencies = [
 "autocfg",
 "scopeguard",
]

[[package]]
name = "log"
version = "0.4.28"
source = "registry+https://github.com/rust-lang/crates.io-index"
checksum = "34080505efa8e45a4b816c349525ebe327ceaa8559756f0356cba97ef3bf7432"

[[package]]
name = "managed"
version = "0.8.0"
source = "registry+https://github.com/rust-lang/crates.io-index"
checksum = "0ca88d725a0a943b096803bd34e73a4437208b6077654cc4ecb2947a5f91618d"

[[package]]
name = "mu_rust_helpers"
version = "3.0.2"
source = "registry+https://github.com/rust-lang/crates.io-index"
checksum = "028b489eb1f6ce61c83feee2cc5e8fb60978115a466c74b84b78aafed6041f34"
dependencies = [
 "mu_uefi_decompress",
 "mu_uefi_guid",
 "mu_uefi_perf_timer",
]

[[package]]
name = "mu_uefi_decompress"
version = "3.0.2"
source = "registry+https://github.com/rust-lang/crates.io-index"
checksum = "24b85df261b0b0241dee3c95a186fac29234b0e60bfabef7d57d3099ec2b7cb6"
dependencies = [
 "bitvec",
 "log",
]

[[package]]
name = "mu_uefi_guid"
version = "3.0.2"
source = "registry+https://github.com/rust-lang/crates.io-index"
checksum = "091e08bf3b952c68a5d3915d53b4221dc41fad3e00d3eb2020d2dd46f83ae5e2"
dependencies = [
 "r-efi",
 "uuid",
]

[[package]]
name = "mu_uefi_perf_timer"
version = "3.0.2"
source = "registry+https://github.com/rust-lang/crates.io-index"
checksum = "df471d72676adaa480d61a0c9ed30a844a90842f876c188a0b30cb760d2444aa"
dependencies = [
 "aarch64-cpu",
 "log",
]

[[package]]
name = "num-conv"
version = "0.1.0"
source = "registry+https://github.com/rust-lang/crates.io-index"
checksum = "51d515d32fb182ee37cda2ccdcb92950d6a3c2893aa280e540671c2cd0f3b1d9"

[[package]]
name = "num-traits"
version = "0.2.19"
source = "registry+https://github.com/rust-lang/crates.io-index"
checksum = "071dfc062690e90b734c0b2273ce72ad0ffa95f0c74596bc250dcfd960262841"
dependencies = [
 "autocfg",
]

[[package]]
name = "once_cell"
version = "1.21.3"
source = "registry+https://github.com/rust-lang/crates.io-index"
checksum = "42f5e15c9953c5e4ccceeb2e7382a716482c34515315f7b03532b8b4e8393d2d"

[[package]]
name = "paste"
version = "1.0.15"
source = "registry+https://github.com/rust-lang/crates.io-index"
checksum = "57c0d7b74b563b49d38dae00a0c37d4d6de9b432382b2892f0574ddcae73fd0a"

[[package]]
name = "patina"
version = "11.2.0"
source = "sparse+https://pkgs.dev.azure.com/patina-fw/artifacts/_packaging/temporary/Cargo/index/"
checksum = "5cfb6d0db26494468e6a728c3330ca1f872ee375cb515b2bde5071d6eebc2d1f"
dependencies = [
 "cfg-if",
 "fallible-streaming-iterator",
 "fixedbitset",
 "linkme",
 "log",
 "mu_rust_helpers",
 "num-traits",
 "patina_macro",
 "patina_pi",
 "r-efi",
 "scroll",
 "uart_16550",
 "x86_64",
]

[[package]]
name = "patina_adv_logger"
version = "11.2.0"
source = "sparse+https://pkgs.dev.azure.com/patina-fw/artifacts/_packaging/temporary/Cargo/index/"
checksum = "779bc615c898464f0719d9b6cc58a6cf630f837116c08f24ab10cc40116ad17b"
dependencies = [
 "log",
 "mu_rust_helpers",
 "patina",
 "patina_pi",
 "r-efi",
 "spin",
 "zerocopy",
 "zerocopy-derive",
]

[[package]]
name = "patina_debugger"
version = "11.2.0"
source = "sparse+https://pkgs.dev.azure.com/patina-fw/artifacts/_packaging/temporary/Cargo/index/"
checksum = "241d3730132533943a2943133edcaa01cfeace195298f644ac35f82d76b1ae8a"
dependencies = [
 "bitfield-struct",
 "cfg-if",
 "gdbstub",
 "log",
 "patina",
 "patina_internal_cpu",
 "patina_paging",
 "spin",
]

[[package]]
name = "patina_dxe_core"
version = "11.2.0"
source = "sparse+https://pkgs.dev.azure.com/patina-fw/artifacts/_packaging/temporary/Cargo/index/"
checksum = "8ee6c0df5d8b1db33566785006653598de7cceacbd039a848fc4a5dff122b6bb"
dependencies = [
 "arm-gic",
 "cfg-if",
 "compile-time",
 "crc32fast",
 "goblin",
 "lazy_static",
 "linked_list_allocator",
 "log",
 "mu_rust_helpers",
 "patina",
 "patina_debugger",
 "patina_ffs",
 "patina_internal_collections",
 "patina_internal_cpu",
 "patina_internal_depex",
 "patina_internal_device_path",
 "patina_paging",
 "patina_performance",
 "patina_pi",
 "r-efi",
 "scroll",
 "spin",
 "uefi_corosensei",
 "uuid",
]

[[package]]
name = "patina_ffs"
version = "11.2.0"
source = "sparse+https://pkgs.dev.azure.com/patina-fw/artifacts/_packaging/temporary/Cargo/index/"
checksum = "f2aae2d012e4bc02c3aaebc5814099f209aa7bf0b34ba552341e6f78b5dd825f"
dependencies = [
 "log",
 "patina",
 "patina_pi",
 "r-efi",
]

[[package]]
name = "patina_ffs_extractors"
version = "11.2.0"
source = "sparse+https://pkgs.dev.azure.com/patina-fw/artifacts/_packaging/temporary/Cargo/index/"
checksum = "3b23250c0f03c6b5d36360570a93d22e496bbf30be66ae118589ef1aaa363648"
dependencies = [
 "alloc-no-stdlib",
 "brotli-decompressor",
 "crc32fast",
 "log",
 "patina",
 "patina_ffs",
 "patina_lzma_rs",
 "patina_pi",
 "r-efi",
]

[[package]]
name = "patina_internal_collections"
version = "11.2.0"
source = "sparse+https://pkgs.dev.azure.com/patina-fw/artifacts/_packaging/temporary/Cargo/index/"
checksum = "2df3b32b6336d1b6a9777d4409a69002f645121fc135c3ced80c07fade1c2e65"
dependencies = [
 "log",
]

[[package]]
name = "patina_internal_cpu"
version = "11.2.0"
source = "sparse+https://pkgs.dev.azure.com/patina-fw/artifacts/_packaging/temporary/Cargo/index/"
checksum = "b281758cc905424c07022b15384b45c95c0c54bba2b3a201f2c5f136bb60a920"
dependencies = [
 "arm-gic",
 "cfg-if",
 "lazy_static",
 "log",
 "patina",
 "patina_mtrr",
 "patina_paging",
 "patina_pi",
 "patina_stacktrace",
 "r-efi",
 "safe-mmio",
 "spin",
 "x86_64",
]

[[package]]
name = "patina_internal_depex"
version = "11.2.0"
source = "sparse+https://pkgs.dev.azure.com/patina-fw/artifacts/_packaging/temporary/Cargo/index/"
checksum = "84c624004c84b0d3bb88f0621dcb63cc228f9fcccc1195d87d727299d2d07872"
dependencies = [
 "log",
 "r-efi",
 "uuid",
]

[[package]]
name = "patina_internal_device_path"
version = "11.2.0"
source = "sparse+https://pkgs.dev.azure.com/patina-fw/artifacts/_packaging/temporary/Cargo/index/"
checksum = "94b92a742935eb5a5799dd89ef2403a848be7d4e3a6376bd1096bac5c656dc9a"
dependencies = [
 "log",
 "r-efi",
 "scroll",
]

[[package]]
name = "patina_lzma_rs"
version = "0.3.1"
source = "sparse+https://pkgs.dev.azure.com/patina-fw/artifacts/_packaging/temporary/Cargo/index/"
checksum = "650cad1fb47baec77d90b77ec249968489c8b9688d3c23dcb4cf0772fc5ac994"
dependencies = [
 "byteorder",
 "crc",
]

[[package]]
name = "patina_macro"
version = "11.2.0"
source = "sparse+https://pkgs.dev.azure.com/patina-fw/artifacts/_packaging/temporary/Cargo/index/"
checksum = "5ab718dbbf6da23499fe146d0a0255cbb5c67bda3a6db202a810296bfae8eeb7"
dependencies = [
 "proc-macro2",
 "quote",
 "syn",
 "uuid",
]

[[package]]
name = "patina_mm"
version = "11.2.0"
source = "sparse+https://pkgs.dev.azure.com/patina-fw/artifacts/_packaging/temporary/Cargo/index/"
checksum = "27d62899591d267ed74bfa1bb586c7f83fa1a214841fc26c9e1cb817fd0a3f03"
dependencies = [
 "cfg-if",
 "log",
 "patina",
 "r-efi",
 "x86_64",
]

[[package]]
name = "patina_mtrr"
version = "1.0.0"
source = "sparse+https://pkgs.dev.azure.com/patina-fw/artifacts/_packaging/temporary/Cargo/index/"
checksum = "daf01b801642167ce79216084bed877b31eaf3778d7a4d99f4458a445ffdca43"
dependencies = [
 "bitfield-struct",
 "cfg-if",
]

[[package]]
name = "patina_paging"
version = "9.0.0"
source = "sparse+https://pkgs.dev.azure.com/patina-fw/artifacts/_packaging/temporary/Cargo/index/"
checksum = "aa5aae7229b56bde996b541d9b40352b2f9024cdcca6c1f1839001daf8b8261a"
dependencies = [
 "bitfield-struct",
 "bitflags 2.9.4",
 "cfg-if",
 "log",
]

[[package]]
name = "patina_performance"
version = "11.2.0"
source = "sparse+https://pkgs.dev.azure.com/patina-fw/artifacts/_packaging/temporary/Cargo/index/"
checksum = "f7bc8ea56f36327a26a6c048005a2ff46848a5287fba414bc7cdc493f78d8e75"
dependencies = [
 "log",
 "mu_rust_helpers",
 "patina",
 "patina_internal_device_path",
 "patina_pi",
 "r-efi",
 "scroll",
 "uuid",
]

[[package]]
name = "patina_pi"
version = "11.2.0"
source = "sparse+https://pkgs.dev.azure.com/patina-fw/artifacts/_packaging/temporary/Cargo/index/"
checksum = "3be55cb7226e1cb110c81d575a9b7efc5496bf8d16d6808e954d3f63bc21e11d"
dependencies = [
 "indoc",
 "num-traits",
 "r-efi",
 "uuid",
]

[[package]]
name = "patina_samples"
version = "11.2.0"
source = "sparse+https://pkgs.dev.azure.com/patina-fw/artifacts/_packaging/temporary/Cargo/index/"
checksum = "70d8807665fb44a6863dfcaad3b7f570bbc259c2c3a5462eab2b3094a31a4e19"
dependencies = [
 "log",
 "patina",
]

[[package]]
name = "patina_stacktrace"
version = "11.2.0"
source = "sparse+https://pkgs.dev.azure.com/patina-fw/artifacts/_packaging/temporary/Cargo/index/"
checksum = "d3897fd73d746b2387a3cde695d94caa90b2b95b702f8d58d64b70718528e0fb"
dependencies = [
 "cfg-if",
 "log",
]

[[package]]
name = "plain"
version = "0.2.3"
source = "registry+https://github.com/rust-lang/crates.io-index"
checksum = "b4596b6d070b27117e987119b4dac604f3c58cfb0b191112e24771b2faeac1a6"

[[package]]
name = "powerfmt"
version = "0.2.0"
source = "registry+https://github.com/rust-lang/crates.io-index"
checksum = "439ee305def115ba05938db6eb1644ff94165c5ab5e9420d1c1bcedbba909391"

[[package]]
name = "proc-macro2"
version = "1.0.101"
source = "registry+https://github.com/rust-lang/crates.io-index"
checksum = "89ae43fd86e4158d6db51ad8e2b80f313af9cc74f5c0e03ccb87de09998732de"
dependencies = [
 "unicode-ident",
]

[[package]]
name = "qemu_dxe_core"
version = "2.0.0"
dependencies = [
 "log",
 "patina",
 "patina_adv_logger",
 "patina_debugger",
 "patina_dxe_core",
 "patina_ffs_extractors",
 "patina_mm",
 "patina_performance",
 "patina_samples",
 "patina_stacktrace",
 "r-efi",
 "x86_64",
]

[[package]]
name = "quote"
version = "1.0.41"
source = "registry+https://github.com/rust-lang/crates.io-index"
checksum = "ce25767e7b499d1b604768e7cde645d14cc8584231ea6b295e9c9eb22c02e1d1"
dependencies = [
 "proc-macro2",
]

[[package]]
name = "r-efi"
version = "5.3.0"
source = "registry+https://github.com/rust-lang/crates.io-index"
checksum = "69cdb34c158ceb288df11e18b4bd39de994f6657d83847bdffdbd7f346754b0f"

[[package]]
name = "radium"
version = "0.7.0"
source = "registry+https://github.com/rust-lang/crates.io-index"
checksum = "dc33ff2d4973d518d823d61aa239014831e521c75da58e3df4840d3f47749d09"

[[package]]
name = "raw-cpuid"
version = "10.7.0"
source = "registry+https://github.com/rust-lang/crates.io-index"
checksum = "6c297679cb867470fa8c9f67dbba74a78d78e3e98d7cf2b08d6d71540f797332"
dependencies = [
 "bitflags 1.3.2",
]

[[package]]
name = "rustc_version"
version = "0.4.1"
source = "registry+https://github.com/rust-lang/crates.io-index"
checksum = "cfcb3a22ef46e85b45de6ee7e79d063319ebb6594faafcf1c225ea92ab6e9b92"
dependencies = [
 "semver",
]

[[package]]
name = "rustversion"
version = "1.0.22"
source = "registry+https://github.com/rust-lang/crates.io-index"
checksum = "b39cdef0fa800fc44525c84ccb54a029961a8215f9619753635a9c0d2538d46d"

[[package]]
name = "safe-mmio"
version = "0.2.5"
source = "registry+https://github.com/rust-lang/crates.io-index"
checksum = "db02a82ad13df46afeba34a4e54065fa912308b9101b060e4422898eac0e06f6"
dependencies = [
 "zerocopy",
]

[[package]]
name = "scopeguard"
version = "1.2.0"
source = "registry+https://github.com/rust-lang/crates.io-index"
checksum = "94143f37725109f92c262ed2cf5e59bce7498c01bcc1502d7b9afe439a4e9f49"

[[package]]
name = "scroll"
version = "0.13.0"
source = "registry+https://github.com/rust-lang/crates.io-index"
checksum = "c1257cd4248b4132760d6524d6dda4e053bc648c9070b960929bf50cfb1e7add"
dependencies = [
 "scroll_derive",
]

[[package]]
name = "scroll_derive"
version = "0.13.1"
source = "registry+https://github.com/rust-lang/crates.io-index"
checksum = "ed76efe62313ab6610570951494bdaa81568026e0318eaa55f167de70eeea67d"
dependencies = [
 "proc-macro2",
 "quote",
 "syn",
]

[[package]]
name = "semver"
version = "1.0.27"
source = "registry+https://github.com/rust-lang/crates.io-index"
checksum = "d767eb0aabc880b29956c35734170f26ed551a859dbd361d140cdbeca61ab1e2"

[[package]]
name = "serde"
version = "1.0.228"
source = "registry+https://github.com/rust-lang/crates.io-index"
checksum = "9a8e94ea7f378bd32cbbd37198a4a91436180c5bb472411e48b5ec2e2124ae9e"
dependencies = [
 "serde_core",
]

[[package]]
name = "serde_core"
version = "1.0.228"
source = "registry+https://github.com/rust-lang/crates.io-index"
checksum = "41d385c7d4ca58e59fc732af25c3983b67ac852c1a25000afe1175de458b67ad"
dependencies = [
 "serde_derive",
]

[[package]]
name = "serde_derive"
version = "1.0.228"
source = "registry+https://github.com/rust-lang/crates.io-index"
checksum = "d540f220d3187173da220f885ab66608367b6574e925011a9353e4badda91d79"
dependencies = [
 "proc-macro2",
 "quote",
 "syn",
]

[[package]]
name = "spin"
version = "0.9.8"
source = "registry+https://github.com/rust-lang/crates.io-index"
checksum = "6980e8d7511241f8acf4aebddbb1ff938df5eebe98691418c4468d0b72a96a67"
dependencies = [
 "lock_api",
]

[[package]]
name = "spinning_top"
version = "0.2.5"
source = "registry+https://github.com/rust-lang/crates.io-index"
checksum = "5b9eb1a2f4c41445a3a0ff9abc5221c5fcd28e1f13cd7c0397706f9ac938ddb0"
dependencies = [
 "lock_api",
]

[[package]]
name = "syn"
version = "2.0.106"
source = "registry+https://github.com/rust-lang/crates.io-index"
checksum = "ede7c438028d4436d71104916910f5bb611972c5cfd7f89b8300a8186e6fada6"
dependencies = [
 "proc-macro2",
 "quote",
 "unicode-ident",
]

[[package]]
name = "tap"
version = "1.0.1"
source = "registry+https://github.com/rust-lang/crates.io-index"
checksum = "55937e1799185b12863d447f42597ed69d9928686b8d88a1df17376a097d8369"

[[package]]
name = "thiserror"
version = "2.0.17"
source = "registry+https://github.com/rust-lang/crates.io-index"
checksum = "f63587ca0f12b72a0600bcba1d40081f830876000bb46dd2337a3051618f4fc8"
dependencies = [
 "thiserror-impl",
]

[[package]]
name = "thiserror-impl"
version = "2.0.17"
source = "registry+https://github.com/rust-lang/crates.io-index"
checksum = "3ff15c8ecd7de3849db632e14d18d2571fa09dfc5ed93479bc4485c7a517c913"
dependencies = [
 "proc-macro2",
 "quote",
 "syn",
]

[[package]]
name = "time"
version = "0.3.44"
source = "registry+https://github.com/rust-lang/crates.io-index"
checksum = "91e7d9e3bb61134e77bde20dd4825b97c010155709965fedf0f49bb138e52a9d"
dependencies = [
 "deranged",
 "itoa",
 "num-conv",
 "powerfmt",
 "serde",
 "time-core",
 "time-macros",
]

[[package]]
name = "time-core"
version = "0.1.6"
source = "registry+https://github.com/rust-lang/crates.io-index"
checksum = "40868e7c1d2f0b8d73e4a8c7f0ff63af4f6d19be117e90bd73eb1d62cf831c6b"

[[package]]
name = "time-macros"
version = "0.2.24"
source = "registry+https://github.com/rust-lang/crates.io-index"
checksum = "30cfb0125f12d9c277f35663a0a33f8c30190f4e4574868a330595412d34ebf3"
dependencies = [
 "num-conv",
 "time-core",
]

[[package]]
name = "tock-registers"
version = "0.9.0"
source = "registry+https://github.com/rust-lang/crates.io-index"
checksum = "2b9e2fdb3a1e862c0661768b7ed25390811df1947a8acbfbefe09b47078d93c4"

[[package]]
name = "uart_16550"
version = "0.3.2"
source = "registry+https://github.com/rust-lang/crates.io-index"
checksum = "e492212ac378a5e00da953718dafb1340d9fbaf4f27d6f3c5cab03d931d1c049"
dependencies = [
 "bitflags 2.9.4",
 "rustversion",
 "x86",
]

[[package]]
name = "uefi_corosensei"
version = "0.1.4"
source = "sparse+https://pkgs.dev.azure.com/patina-fw/artifacts/_packaging/temporary/Cargo/index/"
checksum = "92ff761c38196711eafc73b2b01b5a388482791a8a5e85666fd96360041cecdb"
dependencies = [
 "autocfg",
 "cfg-if",
 "scopeguard",
]

[[package]]
name = "unicode-ident"
version = "1.0.19"
source = "registry+https://github.com/rust-lang/crates.io-index"
checksum = "f63a545481291138910575129486daeaf8ac54aee4387fe7906919f7830c7d9d"

[[package]]
name = "uuid"
version = "1.18.1"
source = "registry+https://github.com/rust-lang/crates.io-index"
checksum = "2f87b8aa10b915a06587d0dec516c282ff295b475d94abf425d62b57710070a2"

[[package]]
name = "volatile"
version = "0.4.6"
source = "registry+https://github.com/rust-lang/crates.io-index"
checksum = "442887c63f2c839b346c192d047a7c87e73d0689c9157b00b53dcc27dd5ea793"

[[package]]
name = "wyz"
version = "0.5.1"
source = "registry+https://github.com/rust-lang/crates.io-index"
checksum = "05f360fc0b24296329c78fda852a1e9ae82de9cf7b27dae4b7f62f118f77b9ed"
dependencies = [
 "tap",
]

[[package]]
name = "x86"
version = "0.52.0"
source = "registry+https://github.com/rust-lang/crates.io-index"
checksum = "2781db97787217ad2a2845c396a5efe286f87467a5810836db6d74926e94a385"
dependencies = [
 "bit_field",
 "bitflags 1.3.2",
 "raw-cpuid",
]

[[package]]
name = "x86_64"
version = "0.15.2"
source = "registry+https://github.com/rust-lang/crates.io-index"
checksum = "0f042214de98141e9c8706e8192b73f56494087cc55ebec28ce10f26c5c364ae"
dependencies = [
 "bit_field",
 "bitflags 2.9.4",
 "rustversion",
 "volatile",
]

[[package]]
name = "zerocopy"
version = "0.8.27"
source = "registry+https://github.com/rust-lang/crates.io-index"
checksum = "0894878a5fa3edfd6da3f88c4805f4c8558e2b996227a3d864f47fe11e38282c"
dependencies = [
 "zerocopy-derive",
]

[[package]]
name = "zerocopy-derive"
version = "0.8.27"
source = "registry+https://github.com/rust-lang/crates.io-index"
checksum = "88d2b8d9c68ad2b9e4340d7832716a4d21a22a1154777ad56ea55c51a9cf3831"
dependencies = [
 "proc-macro2",
 "quote",
 "syn",
]
