# This file is automatically @generated by Cargo.
# It is not intended for manual editing.
version = 4

[[package]]
name = "alloc-no-stdlib"
version = "2.0.4"
source = "registry+https://github.com/rust-lang/crates.io-index"
checksum = "cc7bb162ec39d46ab1ca8c77bf72e890535becd1751bb45f64c597edb4c8c6b3"

[[package]]
name = "arm-gic"
version = "0.8.1"
source = "registry+https://github.com/rust-lang/crates.io-index"
checksum = "84372c6068152f635a04870779f0fa0d1b0273dd09dbe1c6747688693d061f06"
dependencies = [
 "arm-sysregs",
 "bitflags",
 "safe-mmio",
 "thiserror",
 "zerocopy",
]

[[package]]
name = "arm-sysregs"
version = "0.2.9"
source = "registry+https://github.com/rust-lang/crates.io-index"
checksum = "27f98a99c7c6da5d54aa4d6e54504956aade8cdb0de9cd9a2363eb66b1d659a9"
dependencies = [
 "bitflags",
 "num_enum",
 "paste",
]

[[package]]
name = "autocfg"
version = "1.5.1"
source = "registry+https://github.com/rust-lang/crates.io-index"
checksum = "f2032f911046de80f0a198e0901378627c33f59ea0ac00e363d481118bd70a53"

[[package]]
name = "bit_field"
version = "0.10.3"
source = "registry+https://github.com/rust-lang/crates.io-index"
checksum = "1e4b40c7323adcfc0a41c4b88143ed58346ff65a288fc144329c5c45e05d70c6"

[[package]]
name = "bitfield-struct"
version = "0.13.0"
source = "registry+https://github.com/rust-lang/crates.io-index"
checksum = "3ca6739863c590881f038d033a146c51ddae239186a4327014839fd864f44ed5"
dependencies = [
 "proc-macro2",
 "quote",
 "syn 2.0.119",
]

[[package]]
name = "bitflags"
version = "2.13.2"
source = "registry+https://github.com/rust-lang/crates.io-index"
checksum = "3ded4057c258ba199e2d26386d3af3780957ecaee6c4ef4041c6b4b8b97c0b06"

[[package]]
name = "bitvec"
version = "1.1.1"
source = "registry+https://github.com/rust-lang/crates.io-index"
checksum = "ddcec3d12c579d40898fe0a9a358a803c23e9c52ca3c425707f81c9436211837"
dependencies = [
 "funty",
 "radium",
 "tap",
 "wyz",
]

[[package]]
name = "brotli-decompressor"
version = "5.0.3"
source = "registry+https://github.com/rust-lang/crates.io-index"
checksum = "3a32acac15fe1967bc3986b2a6347dffc965602354ea6f450ad07e8bfd253583"
dependencies = [
 "alloc-no-stdlib",
]

[[package]]
name = "cfg-if"
version = "1.0.4"
source = "registry+https://github.com/rust-lang/crates.io-index"
checksum = "9330f8b2ff13f34540b44e946ef35111825727b38d33286ef986142615121801"

[[package]]
name = "compile-time"
version = "0.2.0"
source = "registry+https://github.com/rust-lang/crates.io-index"
checksum = "e55ede5279d4d7c528906853743abeb26353ae1e6c440fcd6d18316c2c2dd903"
dependencies = [
 "once_cell",
 "proc-macro2",
 "quote",
 "rustc_version",
 "semver",
 "time",
]

[[package]]
name = "const_fn"
version = "0.4.12"
source = "registry+https://github.com/rust-lang/crates.io-index"
checksum = "413d67b29ef1021b4d60f4aa1e925ca031751e213832b4b1d588fae623c05c60"

[[package]]
name = "corosensei"
version = "0.3.4"
source = "registry+https://github.com/rust-lang/crates.io-index"
checksum = "6886a0c0f263965933c438626e7179139a62b978a33aa18281cbf0cd5a975f34"
dependencies = [
 "autocfg",
 "cfg-if",
 "scopeguard",
]

[[package]]
name = "crc32fast"
version = "1.5.1"
source = "registry+https://github.com/rust-lang/crates.io-index"
checksum = "8498c871161e1742aaa9d52551b2d6ebdd4c3d45a3be423e3728f33b955be550"
dependencies = [
 "cfg-if",
]

[[package]]
name = "deranged"
version = "0.5.8"
source = "registry+https://github.com/rust-lang/crates.io-index"
checksum = "7cd812cc2bc1d69d4764bd80df88b4317eaef9e773c75226407d9bc0876b211c"

[[package]]
name = "fallible-streaming-iterator"
version = "0.1.9"
source = "registry+https://github.com/rust-lang/crates.io-index"
checksum = "7360491ce676a36bf9bb3c56c1aa791658183a54d2744120f27285738d90465a"

[[package]]
name = "fixedbitset"
version = "0.5.7"
source = "registry+https://github.com/rust-lang/crates.io-index"
checksum = "1d674e81391d1e1ab681a28d99df07927c6d4aa5b027d7da16ba32d1d21ecd99"

[[package]]
name = "funty"
version = "2.0.0"
source = "registry+https://github.com/rust-lang/crates.io-index"
checksum = "e6d5a32815ae3f33302d95fdcb2ce17862f8c65363dcfd29360480ba1001fc9c"

[[package]]
name = "gdbstub"
version = "0.7.10"
source = "registry+https://github.com/rust-lang/crates.io-index"
checksum = "5bafc7e33650ab9f05dcc16325f05d56b8d10393114e31a19a353b86fa60cfe7"
dependencies = [
 "bitflags",
 "cfg-if",
 "log",
 "managed",
 "num-traits",
 "pastey",
]

[[package]]
name = "goblin"
version = "0.10.7"
source = "registry+https://github.com/rust-lang/crates.io-index"
checksum = "17582616a7718cca54cec18e534a76c7c4aec11a8b9a85695712f262fd15a4c8"
dependencies = [
 "log",
 "plain",
 "scroll",
]

[[package]]
name = "linked_list_allocator"
version = "0.10.6"
source = "registry+https://github.com/rust-lang/crates.io-index"
checksum = "2b23ac50abb8261cb38c6e2a7192d3302e0836dac1628f6a93b82b4fad185897"
dependencies = [
 "spinning_top",
]

[[package]]
name = "linkme"
version = "0.3.37"
source = "registry+https://github.com/rust-lang/crates.io-index"
checksum = "3045e122bd98aef8ec3ad58ce84f0791f64e70163d1a02710af4aa11a4d54cc5"
dependencies = [
 "linkme-impl",
]

[[package]]
name = "linkme-impl"
version = "0.3.37"
source = "registry+https://github.com/rust-lang/crates.io-index"
checksum = "77060ebe535362c3da75682cd17b0431017b6e7c5661e714fc69a7ad017d1301"
dependencies = [
 "proc-macro2",
 "quote",
 "syn 3.0.5",
]

[[package]]
name = "lock_api"
version = "0.4.14"
source = "registry+https://github.com/rust-lang/crates.io-index"
checksum = "224399e74b87b5f3557511d98dff8b14089b3dadafcab6bb93eab67d3aace965"
dependencies = [
 "scopeguard",
]

[[package]]
name = "log"
version = "0.4.34"
source = "registry+https://github.com/rust-lang/crates.io-index"
checksum = "f9f8bd3e56ce4dfc153cf470fffbfa98c7620958b312ca5c3a4b8d5181fd13c6"

[[package]]
name = "lzma-rust2"
version = "0.16.5"
source = "registry+https://github.com/rust-lang/crates.io-index"
checksum = "ca93e534d1142d1d0dcca6d25fe302508a5dfb40b302802904577725ea0b695b"

[[package]]
name = "managed"
version = "0.8.0"
source = "registry+https://github.com/rust-lang/crates.io-index"
checksum = "0ca88d725a0a943b096803bd34e73a4437208b6077654cc4ecb2947a5f91618d"

[[package]]
name = "memoffset"
version = "0.9.1"
source = "registry+https://github.com/rust-lang/crates.io-index"
checksum = "488016bfae457b036d996092f6cb448677611ce4449e970ceaf42695203f218a"
dependencies = [
 "autocfg",
]

[[package]]
name = "num-conv"
version = "0.2.2"
source = "registry+https://github.com/rust-lang/crates.io-index"
checksum = "521739c6d2bac4aa25192232afe6841231376b2b26d4d9fae5ecf8ca5772e441"

[[package]]
name = "num-traits"
version = "0.2.19"
source = "registry+https://github.com/rust-lang/crates.io-index"
checksum = "071dfc062690e90b734c0b2273ce72ad0ffa95f0c74596bc250dcfd960262841"
dependencies = [
 "autocfg",
]

[[package]]
name = "num_enum"
version = "0.7.6"
source = "registry+https://github.com/rust-lang/crates.io-index"
checksum = "5d0bca838442ec211fa11de3a8b0e0e8f3a4522575b5c4c06ed722e005036f26"
dependencies = [
 "num_enum_derive",
 "rustversion",
]

[[package]]
name = "num_enum_derive"
version = "0.7.6"
source = "registry+https://github.com/rust-lang/crates.io-index"
checksum = "680998035259dcfcafe653688bf2aa6d3e2dc05e98be6ab46afb089dc84f1df8"
dependencies = [
 "proc-macro2",
 "quote",
 "syn 2.0.119",
]

[[package]]
name = "once_cell"
version = "1.21.4"
source = "registry+https://github.com/rust-lang/crates.io-index"
checksum = "9f7c3e4beb33f85d45ae3e3a1792185706c8e16d043238c593331cc7cd313b50"

[[package]]
name = "paste"
version = "1.0.15"
source = "registry+https://github.com/rust-lang/crates.io-index"
checksum = "57c0d7b74b563b49d38dae00a0c37d4d6de9b432382b2892f0574ddcae73fd0a"

[[package]]
name = "pastey"
version = "0.2.3"
source = "registry+https://github.com/rust-lang/crates.io-index"
checksum = "2ee67f1008b1ba2321834326597b8e186293b049a023cdef258527550b9935b4"

[[package]]
name = "patina"
version = "23.2.0"
source = "registry+https://github.com/rust-lang/crates.io-index"
checksum = "5ef154733e3c4926af9a5d98db969905c0974d149bef6ac2a54f4e7c0fc5ad42"
dependencies = [
 "bitvec",
 "cfg-if",
 "compile-time",
 "fallible-streaming-iterator",
 "fixedbitset",
 "goblin",
 "log",
 "num-traits",
 "patina_macro",
 "r-efi",
 "safe-mmio",
 "scroll",
 "spin",
 "uart_16550",
 "uuid",
 "zerocopy",
 "zerocopy-derive",
]

[[package]]
name = "patina_acpi"
version = "23.2.0"
source = "registry+https://github.com/rust-lang/crates.io-index"
checksum = "43ddc4264e3fab25065152ed5a1aedde7093ec4f7c36ac38dd5e38cac47575c3"
dependencies = [
 "log",
 "memoffset",
 "patina",
 "patina_test",
 "zerocopy",
 "zerocopy-derive",
]

[[package]]
name = "patina_adv_logger"
version = "23.2.0"
source = "registry+https://github.com/rust-lang/crates.io-index"
checksum = "6b204e2d8f3fae3699de55cdb41087167d83f59dd6cdb93daba34eb43ca5285d"
dependencies = [
 "log",
 "patina",
 "patina_test",
 "spin",
 "zerocopy",
 "zerocopy-derive",
]

[[package]]
name = "patina_debugger"
version = "23.2.0"
source = "registry+https://github.com/rust-lang/crates.io-index"
checksum = "4f94b832e4ff2ad00fccdf1502adee5153438419d34119891ddf69270d24df96"
dependencies = [
 "bitfield-struct",
 "cfg-if",
 "gdbstub",
 "log",
 "patina",
 "patina_internal_cpu",
 "patina_mtrr",
 "patina_paging",
 "spin",
]

[[package]]
name = "patina_dxe_core"
version = "23.2.0"
source = "registry+https://github.com/rust-lang/crates.io-index"
checksum = "46e7d2d80bd23f5b815833766e27a6fabdd70a2260a09a63daf34420483e00d5"
dependencies = [
 "arm-gic",
 "bitfield-struct",
 "cfg-if",
 "corosensei",
 "crc32fast",
 "goblin",
 "linked_list_allocator",
 "log",
 "patina",
 "patina_debugger",
 "patina_ffs",
 "patina_internal_core",
 "patina_internal_cpu",
 "patina_paging",
 "patina_test",
 "scroll",
 "spin",
 "uuid",
]

[[package]]
name = "patina_ffs"
version = "23.2.0"
source = "registry+https://github.com/rust-lang/crates.io-index"
checksum = "c1ccf8fab671bcd117f9d11d2b41c379e775cfc591de33a19390ef8297ad3d72"
dependencies = [
 "log",
 "patina",
]

[[package]]
name = "patina_ffs_extractors"
version = "23.2.0"
source = "registry+https://github.com/rust-lang/crates.io-index"
checksum = "0b22d5f48403314808e5da240701149541389cf34302ab79fd95673ede62e977"
dependencies = [
 "alloc-no-stdlib",
 "brotli-decompressor",
 "crc32fast",
 "lzma-rust2",
 "patina",
 "patina_ffs",
]

[[package]]
name = "patina_internal_core"
version = "23.2.0"
source = "registry+https://github.com/rust-lang/crates.io-index"
checksum = "90e2a56fdec6d498ddee8d33a599403d232a037a4ed6f84b96e0d5b84f2cbad4"
dependencies = [
 "log",
 "patina",
 "uuid",
]

[[package]]
name = "patina_internal_cpu"
version = "23.2.0"
source = "registry+https://github.com/rust-lang/crates.io-index"
checksum = "582e6f879271eb6e3bd8a6e3c78bdf3db75ece16daf6b327b40891e41285dd54"
dependencies = [
 "arm-gic",
 "cfg-if",
 "log",
 "patina",
 "patina_mtrr",
 "patina_paging",
 "patina_stacktrace",
 "spin",
]

[[package]]
name = "patina_macro"
version = "23.2.0"
source = "registry+https://github.com/rust-lang/crates.io-index"
checksum = "c6abf17c55e35ffe45a761cb1ae374c002560d4024e7d427828ec54e2024d829"
dependencies = [
 "proc-macro2",
 "quote",
 "syn 3.0.5",
 "uuid",
]

[[package]]
name = "patina_mm"
version = "23.2.0"
source = "registry+https://github.com/rust-lang/crates.io-index"
checksum = "9adbffead27217c4b90c65fb6ccd3dae40ca258e769da57072273847c0839506"
dependencies = [
 "cfg-if",
 "log",
 "patina",
 "zerocopy",
 "zerocopy-derive",
]

[[package]]
name = "patina_mtrr"
version = "1.1.9"
source = "registry+https://github.com/rust-lang/crates.io-index"
checksum = "13182ff221fbc712c4fa8782f53bcc7059d07c8eabfdefbb43504c38cc5b3a00"
dependencies = [
 "bitfield-struct",
 "cfg-if",
]

[[package]]
name = "patina_paging"
version = "11.0.6"
source = "registry+https://github.com/rust-lang/crates.io-index"
checksum = "60db4ac9d6e3da074a8a0b7f5102a1be3f8776e0e4f6a4a7e45a4d7e4c5e1bf7"
dependencies = [
 "bitfield-struct",
 "bitflags",
 "cfg-if",
 "log",
]

[[package]]
name = "patina_performance"
version = "23.2.0"
source = "registry+https://github.com/rust-lang/crates.io-index"
checksum = "6f9349876dd603883bb8fedeeab0b608d96cd61c9c44b9d63fe7e389e68fa23d"
dependencies = [
 "log",
 "patina",
 "patina_mm",
 "zerocopy",
 "zerocopy-derive",
]

[[package]]
name = "patina_samples"
version = "23.2.0"
source = "registry+https://github.com/rust-lang/crates.io-index"
checksum = "c01bdbc017baeb2691810ebb808345458601f5674f208f07caed846f04aad0b6"
dependencies = [
 "log",
 "patina",
 "patina_macro",
 "patina_smbios",
]

[[package]]
name = "patina_smbios"
version = "23.2.0"
source = "registry+https://github.com/rust-lang/crates.io-index"
checksum = "12b79914e6d75c328af250b176f1ee1a07eeab51a93ae3fea7a59ff7bee33c0a"
dependencies = [
 "bitfield-struct",
 "log",
 "patina",
 "patina_macro",
 "zerocopy",
 "zerocopy-derive",
]

[[package]]
name = "patina_stacktrace"
version = "23.2.0"
source = "registry+https://github.com/rust-lang/crates.io-index"
checksum = "f05b1e1a16d3f52b16a50d36dc4cdd2f5a1b216e9222029d67e42f62d88c5a36"
dependencies = [
 "cfg-if",
 "log",
]

[[package]]
name = "patina_test"
version = "23.2.0"
source = "registry+https://github.com/rust-lang/crates.io-index"
checksum = "e895e8cdc744c0e9476fbfc9467fbe9e077711f00b57cc88600ad199c06c6dc4"
dependencies = [
 "linkme",
 "log",
 "patina",
 "patina_macro",
 "spin",
]

[[package]]
name = "plain"
version = "0.2.3"
source = "registry+https://github.com/rust-lang/crates.io-index"
checksum = "b4596b6d070b27117e987119b4dac604f3c58cfb0b191112e24771b2faeac1a6"

[[package]]
name = "powerfmt"
version = "0.2.0"
source = "registry+https://github.com/rust-lang/crates.io-index"
checksum = "439ee305def115ba05938db6eb1644ff94165c5ab5e9420d1c1bcedbba909391"

[[package]]
name = "proc-macro2"
version = "1.0.107"
source = "registry+https://github.com/rust-lang/crates.io-index"
checksum = "985e7ec9bb745e6ce6535b544d84d6cd6f7ad8bd711c398938ae983b91a766d9"
dependencies = [
 "unicode-ident",
]

[[package]]
name = "qemu-exit"
version = "4.0.0"
source = "registry+https://github.com/rust-lang/crates.io-index"
checksum = "8189cbf0422ac15d7d544ed5f331fbe4e5b9da88133568fd359083b186a547f3"

[[package]]
name = "qemu_dxe_core"
version = "3.2.5"
dependencies = [
 "log",
 "patina",
 "patina_acpi",
 "patina_adv_logger",
 "patina_debugger",
 "patina_dxe_core",
 "patina_ffs_extractors",
 "patina_mm",
 "patina_performance",
 "patina_samples",
 "patina_smbios",
 "patina_stacktrace",
 "patina_test",
 "qemu-exit",
 "x86_64",
 "zerocopy",
]

[[package]]
name = "quote"
version = "1.0.47"
source = "registry+https://github.com/rust-lang/crates.io-index"
checksum = "1fbf4db142a473a8d80c26bbf18454ed458bf8d26c8219c331daecfdbd079001"
dependencies = [
 "proc-macro2",
]

[[package]]
name = "r-efi"
version = "7.1.0"
source = "registry+https://github.com/rust-lang/crates.io-index"
checksum = "b0ff379dd174eec5b2cab797063a2e7592dfcf0bf0323a50eeee724ee3537f13"

[[package]]
name = "radium"
version = "0.7.0"
source = "registry+https://github.com/rust-lang/crates.io-index"
checksum = "dc33ff2d4973d518d823d61aa239014831e521c75da58e3df4840d3f47749d09"

[[package]]
name = "rustc_version"
version = "0.4.1"
source = "registry+https://github.com/rust-lang/crates.io-index"
checksum = "cfcb3a22ef46e85b45de6ee7e79d063319ebb6594faafcf1c225ea92ab6e9b92"
dependencies = [
 "semver",
]

[[package]]
name = "rustversion"
version = "1.0.23"
source = "registry+https://github.com/rust-lang/crates.io-index"
checksum = "cf54715a573b99ac80df0bc206da022bcd442c974952c7b9720069370852e21f"

[[package]]
name = "safe-mmio"
version = "0.3.1"
source = "registry+https://github.com/rust-lang/crates.io-index"
checksum = "ce5e4ed477d6ebc07e01ce97b87fe319e6b62d0ab2564594db6a8c4cdc29ffd9"
dependencies = [
 "zerocopy",
]

[[package]]
name = "scopeguard"
version = "1.2.0"
source = "registry+https://github.com/rust-lang/crates.io-index"
checksum = "94143f37725109f92c262ed2cf5e59bce7498c01bcc1502d7b9afe439a4e9f49"

[[package]]
name = "scroll"
version = "0.13.0"
source = "registry+https://github.com/rust-lang/crates.io-index"
checksum = "c1257cd4248b4132760d6524d6dda4e053bc648c9070b960929bf50cfb1e7add"
dependencies = [
 "scroll_derive",
]

[[package]]
name = "scroll_derive"
version = "0.13.2"
source = "registry+https://github.com/rust-lang/crates.io-index"
checksum = "e1a36a382ed65dbcc0ab47fd5e9a94112417ccd34560a392ef3b7b0f0ec39148"
dependencies = [
 "proc-macro2",
 "quote",
 "syn 3.0.5",
]

[[package]]
name = "semver"
version = "1.0.28"
source = "registry+https://github.com/rust-lang/crates.io-index"
checksum = "8a7852d02fc848982e0c167ef163aaff9cd91dc640ba85e263cb1ce46fae51cd"

[[package]]
name = "serde_core"
version = "1.0.229"
source = "registry+https://github.com/rust-lang/crates.io-index"
checksum = "67dca2c9c51e58a4791a4b1ed58308b39c64224d349a935ab5039aa360942a48"
dependencies = [
 "serde_derive",
]

[[package]]
name = "serde_derive"
version = "1.0.229"
source = "registry+https://github.com/rust-lang/crates.io-index"
checksum = "e7a5d71263a5a7d47b41f6b3f06ba276f10cc18b0931f1799f710578e2309348"
dependencies = [
 "proc-macro2",
 "quote",
 "syn 3.0.5",
]

[[package]]
name = "spin"
version = "0.12.3"
source = "registry+https://github.com/rust-lang/crates.io-index"
checksum = "0134f9043ed38b087ac4f7d4af44c79e2c9e5094421fe3164f435ce585953b10"
dependencies = [
 "lock_api",
]

[[package]]
name = "spinning_top"
version = "0.2.5"
source = "registry+https://github.com/rust-lang/crates.io-index"
checksum = "5b9eb1a2f4c41445a3a0ff9abc5221c5fcd28e1f13cd7c0397706f9ac938ddb0"
dependencies = [
 "lock_api",
]

[[package]]
name = "syn"
version = "2.0.119"
source = "registry+https://github.com/rust-lang/crates.io-index"
checksum = "872831b642d1a07999a962a351ed35b955ea2cfc8f3862091e2a240a84f17297"
dependencies = [
 "proc-macro2",
 "quote",
 "unicode-ident",
]

[[package]]
name = "syn"
version = "3.0.5"
source = "registry+https://github.com/rust-lang/crates.io-index"
checksum = "12df2e0110f65b775f769bb17ef989067a1d931b2eb822bd4346631eeada89f9"
dependencies = [
 "proc-macro2",
 "quote",
 "unicode-ident",
]

[[package]]
name = "tap"
version = "1.0.1"
source = "registry+https://github.com/rust-lang/crates.io-index"
checksum = "55937e1799185b12863d447f42597ed69d9928686b8d88a1df17376a097d8369"

[[package]]
name = "thiserror"
version = "2.0.20"
source = "registry+https://github.com/rust-lang/crates.io-index"
checksum = "ec86235f5fcc2a73650310756d2ac5b138a5780bbbdfae3eeccec992c435ba4f"
dependencies = [
 "thiserror-impl",
]

[[package]]
name = "thiserror-impl"
version = "2.0.20"
source = "registry+https://github.com/rust-lang/crates.io-index"
checksum = "bc04cd3e1236dd4a98afca4569f2deb3f120e5422a4023be2cb683f8486292af"
dependencies = [
 "proc-macro2",
 "quote",
 "syn 3.0.5",
]

[[package]]
name = "time"
version = "0.3.55"
source = "registry+https://github.com/rust-lang/crates.io-index"
checksum = "cdb87b95ec50ddfa440816d227a17b2ccbdda963a316a727fda0fc4334f7d134"
dependencies = [
 "deranged",
 "num-conv",
 "powerfmt",
 "serde_core",
 "time-core",
 "time-macros",
]

[[package]]
name = "time-core"
version = "0.1.9"
source = "registry+https://github.com/rust-lang/crates.io-index"
checksum = "9e1c906769ad99c88eaa54e728060edef082f8e358ff32030cb7c7d315e81109"

[[package]]
name = "time-macros"
version = "0.2.32"
source = "registry+https://github.com/rust-lang/crates.io-index"
checksum = "7e689342a48d2ea927c87ea50cabf8594854bf940e9310208848d680d668ed85"
dependencies = [
 "num-conv",
 "time-core",
]

[[package]]
name = "uart_16550"
version = "0.8.0"
source = "registry+https://github.com/rust-lang/crates.io-index"
checksum = "f9c24d1751f909d9e2d192475ca5527964e13dbc3126ce20c288dfa8f3a3e734"
dependencies = [
 "bitflags",
]

[[package]]
name = "unicode-ident"
version = "1.0.24"
source = "registry+https://github.com/rust-lang/crates.io-index"
checksum = "e6e4313cd5fcd3dad5cafa179702e2b244f760991f45397d14d4ebf38247da75"

[[package]]
name = "uuid"
version = "1.26.1"
source = "registry+https://github.com/rust-lang/crates.io-index"
checksum = "2ef6dac1e96601b4fb3acccccff2139741fcb757cb9a36089bf5be91cfb285ce"

[[package]]
name = "volatile"
version = "0.4.6"
source = "registry+https://github.com/rust-lang/crates.io-index"
checksum = "442887c63f2c839b346c192d047a7c87e73d0689c9157b00b53dcc27dd5ea793"

[[package]]
name = "wyz"
version = "0.5.1"
source = "registry+https://github.com/rust-lang/crates.io-index"
checksum = "05f360fc0b24296329c78fda852a1e9ae82de9cf7b27dae4b7f62f118f77b9ed"
dependencies = [
 "tap",
]

[[package]]
name = "x86_64"
version = "0.15.5"
source = "registry+https://github.com/rust-lang/crates.io-index"
checksum = "be4ec631e1a81d50e46c35a4a00322bd076c47491b64c2fb10a7ffa89002c697"
dependencies = [
 "bit_field",
 "bitflags",
 "const_fn",
 "rustversion",
 "volatile",
]

[[package]]
name = "zerocopy"
version = "0.8.57"
source = "registry+https://github.com/rust-lang/crates.io-index"
checksum = "d35102a9f36d089ccae9e4c6802bc118be4487b80aaffc0ab4e0cf5ce92d2873"
dependencies = [
 "zerocopy-derive",
]

[[package]]
name = "zerocopy-derive"
version = "0.8.57"
source = "registry+https://github.com/rust-lang/crates.io-index"
checksum = "146c01f5ab44258da43cf276c74a2763db2ff3969c9c652c3f2de07041d0b2bc"
dependencies = [
 "proc-macro2",
 "quote",
 "syn 2.0.119",
]
